// !$*UTF8*$!
{
	archiveVersion = 1;
	classes = {
	};
	objectVersion = 55;
	objects = {

/* Begin PBXBuildFile section */
		18424BA629FA1E9A0059A54E /* RestiCallApp.swift in Sources */ = {isa = PBXBuildFile; fileRef = 18424BA529FA1E9A0059A54E /* RestiCallApp.swift */; };
		18424BA829FA1E9A0059A54E /* ContentView.swift in Sources */ = {isa = PBXBuildFile; fileRef = 18424BA729FA1E9A0059A54E /* ContentView.swift */; };
		18424BAA29FA1E9C0059A54E /* Assets.xcassets in Resources */ = {isa = PBXBuildFile; fileRef = 18424BA929FA1E9C0059A54E /* Assets.xcassets */; };
		18424BAD29FA1E9C0059A54E /* Preview Assets.xcassets in Resources */ = {isa = PBXBuildFile; fileRef = 18424BAC29FA1E9C0059A54E /* Preview Assets.xcassets */; };
		18424BB829FA213D0059A54E /* APIManager.swift in Sources */ = {isa = PBXBuildFile; fileRef = 18424BB729FA213D0059A54E /* APIManager.swift */; };
		18424BBA29FA22B90059A54E /* JokesVM.swift in Sources */ = {isa = PBXBuildFile; fileRef = 18424BB929FA22B90059A54E /* JokesVM.swift */; };
		18424BBC29FA23D00059A54E /* JokesResponse.swift in Sources */ = {isa = PBXBuildFile; fileRef = 18424BBB29FA23D00059A54E /* JokesResponse.swift */; };
		18424BBE29FA2B410059A54E /* ErrorManager.swift in Sources */ = {isa = PBXBuildFile; fileRef = 18424BBD29FA2B410059A54E /* ErrorManager.swift */; };
		E15C94F1D1F94175D00BF5F1 /* Pods_RestiCall.framework in Frameworks */ = {isa = PBXBuildFile; fileRef = 7F1F3D6F85A9DFE326FEEAD6 /* Pods_RestiCall.framework */; };
/* End PBXBuildFile section */

/* Begin PBXFileReference section */
		0D8086AEE2E8F15706174214 /* Pods-RestiCall.release.xcconfig */ = {isa = PBXFileReference; includeInIndex = 1; lastKnownFileType = text.xcconfig; name = "Pods-RestiCall.release.xcconfig"; path = "Target Support Files/Pods-RestiCall/Pods-RestiCall.release.xcconfig"; sourceTree = "<group>"; };
		138E7E24C228505CD8ACFB82 /* Pods-RestiCall.debug.xcconfig */ = {isa = PBXFileReference; includeInIndex = 1; lastKnownFileType = text.xcconfig; name = "Pods-RestiCall.debug.xcconfig"; path = "Target Support Files/Pods-RestiCall/Pods-RestiCall.debug.xcconfig"; sourceTree = "<group>"; };
		18424BA229FA1E9A0059A54E /* RestiCall.app */ = {isa = PBXFileReference; explicitFileType = wrapper.application; includeInIndex = 0; path = RestiCall.app; sourceTree = BUILT_PRODUCTS_DIR; };
		18424BA529FA1E9A0059A54E /* RestiCallApp.swift */ = {isa = PBXFileReference; lastKnownFileType = sourcecode.swift; path = RestiCallApp.swift; sourceTree = "<group>"; };
		18424BA729FA1E9A0059A54E /* ContentView.swift */ = {isa = PBXFileReference; lastKnownFileType = sourcecode.swift; path = ContentView.swift; sourceTree = "<group>"; };
		18424BA929FA1E9C0059A54E /* Assets.xcassets */ = {isa = PBXFileReference; lastKnownFileType = folder.assetcatalog; path = Assets.xcassets; sourceTree = "<group>"; };
		18424BAC29FA1E9C0059A54E /* Preview Assets.xcassets */ = {isa = PBXFileReference; lastKnownFileType = folder.assetcatalog; path = "Preview Assets.xcassets"; sourceTree = "<group>"; };
		18424BB729FA213D0059A54E /* APIManager.swift */ = {isa = PBXFileReference; lastKnownFileType = sourcecode.swift; path = APIManager.swift; sourceTree = "<group>"; };
		18424BB929FA22B90059A54E /* JokesVM.swift */ = {isa = PBXFileReference; lastKnownFileType = sourcecode.swift; path = JokesVM.swift; sourceTree = "<group>"; };
		18424BBB29FA23D00059A54E /* JokesResponse.swift */ = {isa = PBXFileReference; lastKnownFileType = sourcecode.swift; path = JokesResponse.swift; sourceTree = "<group>"; };
		18424BBD29FA2B410059A54E /* ErrorManager.swift */ = {isa = PBXFileReference; lastKnownFileType = sourcecode.swift; path = ErrorManager.swift; sourceTree = "<group>"; };
		7F1F3D6F85A9DFE326FEEAD6 /* Pods_RestiCall.framework */ = {isa = PBXFileReference; explicitFileType = wrapper.framework; includeInIndex = 0; path = Pods_RestiCall.framework; sourceTree = BUILT_PRODUCTS_DIR; };
/* End PBXFileReference section */

/* Begin PBXFrameworksBuildPhase section */
		18424B9F29FA1E9A0059A54E /* Frameworks */ = {
			isa = PBXFrameworksBuildPhase;
			buildActionMask = 2147483647;
			files = (
				E15C94F1D1F94175D00BF5F1 /* Pods_RestiCall.framework in Frameworks */,
			);
			runOnlyForDeploymentPostprocessing = 0;
		};
/* End PBXFrameworksBuildPhase section */

/* Begin PBXGroup section */
		0CDDC4420F1864D3F1955F26 /* Pods */ = {
			isa = PBXGroup;
			children = (
				138E7E24C228505CD8ACFB82 /* Pods-RestiCall.debug.xcconfig */,
				0D8086AEE2E8F15706174214 /* Pods-RestiCall.release.xcconfig */,
			);
			path = Pods;
			sourceTree = "<group>";
		};
		18424B9929FA1E9A0059A54E = {
			isa = PBXGroup;
			children = (
				18424BA429FA1E9A0059A54E /* RestiCall */,
				18424BA329FA1E9A0059A54E /* Products */,
				0CDDC4420F1864D3F1955F26 /* Pods */,
				93FF27887E6BCD214345B951 /* Frameworks */,
			);
			sourceTree = "<group>";
		};
		18424BA329FA1E9A0059A54E /* Products */ = {
			isa = PBXGroup;
			children = (
				18424BA229FA1E9A0059A54E /* RestiCall.app */,
			);
			name = Products;
			sourceTree = "<group>";
		};
		18424BA429FA1E9A0059A54E /* RestiCall */ = {
			isa = PBXGroup;
			children = (
				18424BB329FA20750059A54E /* Views */,
				18424BB629FA209B0059A54E /* Networking */,
				18424BB429FA20800059A54E /* ViewModels */,
				18424BB529FA20940059A54E /* Models */,
				18424BA529FA1E9A0059A54E /* RestiCallApp.swift */,
				18424BA929FA1E9C0059A54E /* Assets.xcassets */,
				18424BAB29FA1E9C0059A54E /* Preview Content */,
			);
			path = RestiCall;
			sourceTree = "<group>";
		};
		18424BAB29FA1E9C0059A54E /* Preview Content */ = {
			isa = PBXGroup;
			children = (
				18424BAC29FA1E9C0059A54E /* Preview Assets.xcassets */,
			);
			path = "Preview Content";
			sourceTree = "<group>";
		};
		18424BB329FA20750059A54E /* Views */ = {
			isa = PBXGroup;
			children = (
				18424BA729FA1E9A0059A54E /* ContentView.swift */,
			);
			path = Views;
			sourceTree = "<group>";
		};
		18424BB429FA20800059A54E /* ViewModels */ = {
			isa = PBXGroup;
			children = (
				18424BB929FA22B90059A54E /* JokesVM.swift */,
			);
			path = ViewModels;
			sourceTree = "<group>";
		};
		18424BB529FA20940059A54E /* Models */ = {
			isa = PBXGroup;
			children = (
				18424BBB29FA23D00059A54E /* JokesResponse.swift */,
			);
			path = Models;
			sourceTree = "<group>";
		};
		18424BB629FA209B0059A54E /* Networking */ = {
			isa = PBXGroup;
			children = (
				18424BB729FA213D0059A54E /* APIManager.swift */,
				18424BBD29FA2B410059A54E /* ErrorManager.swift */,
			);
			path = Networking;
			sourceTree = "<group>";
		};
		93FF27887E6BCD214345B951 /* Frameworks */ = {
			isa = PBXGroup;
			children = (
				7F1F3D6F85A9DFE326FEEAD6 /* Pods_RestiCall.framework */,
			);
			name = Frameworks;
			sourceTree = "<group>";
		};
/* End PBXGroup section */

/* Begin PBXNativeTarget section */
		18424BA129FA1E9A0059A54E /* RestiCall */ = {
			isa = PBXNativeTarget;
			buildConfigurationList = 18424BB029FA1E9C0059A54E /* Build configuration list for PBXNativeTarget "RestiCall" */;
			buildPhases = (
				D6E4E075827291BC5C7CDF60 /* [CP] Check Pods Manifest.lock */,
				18424B9E29FA1E9A0059A54E /* Sources */,
				18424B9F29FA1E9A0059A54E /* Frameworks */,
				18424BA029FA1E9A0059A54E /* Resources */,
				AB34525DD1D35B3874F3BEE8 /* [CP] Embed Pods Frameworks */,
			);
			buildRules = (
			);
			dependencies = (
			);
			name = RestiCall;
			productName = RestiCall;
			productReference = 18424BA229FA1E9A0059A54E /* RestiCall.app */;
			productType = "com.apple.product-type.application";
		};
/* End PBXNativeTarget section */

/* Begin PBXProject section */
		18424B9A29FA1E9A0059A54E /* Project object */ = {
			isa = PBXProject;
			attributes = {
				BuildIndependentTargetsInParallel = 1;
				LastSwiftUpdateCheck = 1420;
				LastUpgradeCheck = 1420;
				TargetAttributes = {
					18424BA129FA1E9A0059A54E = {
						CreatedOnToolsVersion = 14.2;
					};
				};
			};
			buildConfigurationList = 18424B9D29FA1E9A0059A54E /* Build configuration list for PBXProject "RestiCall" */;
			compatibilityVersion = "Xcode 13.0";
			developmentRegion = en;
			hasScannedForEncodings = 0;
			knownRegions = (
				en,
				Base,
			);
			mainGroup = 18424B9929FA1E9A0059A54E;
			productRefGroup = 18424BA329FA1E9A0059A54E /* Products */;
			projectDirPath = "";
			projectRoot = "";
			targets = (
				18424BA129FA1E9A0059A54E /* RestiCall */,
			);
		};
/* End PBXProject section */

/* Begin PBXResourcesBuildPhase section */
		18424BA029FA1E9A0059A54E /* Resources */ = {
			isa = PBXResourcesBuildPhase;
			buildActionMask = 2147483647;
			files = (
				18424BAD29FA1E9C0059A54E /* Preview Assets.xcassets in Resources */,
				18424BAA29FA1E9C0059A54E /* Assets.xcassets in Resources */,
			);
			runOnlyForDeploymentPostprocessing = 0;
		};
/* End PBXResourcesBuildPhase section */

/* Begin PBXShellScriptBuildPhase section */
		AB34525DD1D35B3874F3BEE8 /* [CP] Embed Pods Frameworks */ = {
			isa = PBXShellScriptBuildPhase;
			buildActionMask = 2147483647;
			files = (
			);
			inputFileListPaths = (
				"${PODS_ROOT}/Target Support Files/Pods-RestiCall/Pods-RestiCall-frameworks-${CONFIGURATION}-input-files.xcfilelist",
			);
			name = "[CP] Embed Pods Frameworks";
			outputFileListPaths = (
				"${PODS_ROOT}/Target Support Files/Pods-RestiCall/Pods-RestiCall-frameworks-${CONFIGURATION}-output-files.xcfilelist",
			);
			runOnlyForDeploymentPostprocessing = 0;
			shellPath = /bin/sh;
			shellScript = "\"${PODS_ROOT}/Target Support Files/Pods-RestiCall/Pods-RestiCall-frameworks.sh\"\n";
			showEnvVarsInLog = 0;
		};
		D6E4E075827291BC5C7CDF60 /* [CP] Check Pods Manifest.lock */ = {
			isa = PBXShellScriptBuildPhase;
			buildActionMask = 2147483647;
			files = (
			);
			inputFileListPaths = (
			);
			inputPaths = (
				"${PODS_PODFILE_DIR_PATH}/Podfile.lock",
				"${PODS_ROOT}/Manifest.lock",
			);
			name = "[CP] Check Pods Manifest.lock";
			outputFileListPaths = (
			);
			outputPaths = (
				"$(DERIVED_FILE_DIR)/Pods-RestiCall-checkManifestLockResult.txt",
			);
			runOnlyForDeploymentPostprocessing = 0;
			shellPath = /bin/sh;
			shellScript = "diff \"${PODS_PODFILE_DIR_PATH}/Podfile.lock\" \"${PODS_ROOT}/Manifest.lock\" > /dev/null\nif [ $? != 0 ] ; then\n    # print error to STDERR\n    echo \"error: The sandbox is not in sync with the Podfile.lock. Run 'pod install' or update your CocoaPods installation.\" >&2\n    exit 1\nfi\n# This output is used by Xcode 'outputs' to avoid re-running this script phase.\necho \"SUCCESS\" > \"${SCRIPT_OUTPUT_FILE_0}\"\n";
			showEnvVarsInLog = 0;
		};
/* End PBXShellScriptBuildPhase section */

/* Begin PBXSourcesBuildPhase section */
		18424B9E29FA1E9A0059A54E /* Sources */ = {
			isa = PBXSourcesBuildPhase;
			buildActionMask = 2147483647;
			files = (
				18424BBE29FA2B410059A54E /* ErrorManager.swift in Sources */,
				18424BA829FA1E9A0059A54E /* ContentView.swift in Sources */,
				18424BB829FA213D0059A54E /* APIManager.swift in Sources */,
				18424BA629FA1E9A0059A54E /* RestiCallApp.swift in Sources */,
				18424BBC29FA23D00059A54E /* JokesResponse.swift in Sources */,
				18424BBA29FA22B90059A54E /* JokesVM.swift in Sources */,
			);
			runOnlyForDeploymentPostprocessing = 0;
		};
/* End PBXSourcesBuildPhase section */

/* Begin XCBuildConfiguration section */
		18424BAE29FA1E9C0059A54E /* Debug */ = {
			isa = XCBuildConfiguration;
			buildSettings = {
				ALWAYS_SEARCH_USER_PATHS = NO;
				CLANG_ANALYZER_NONNULL = YES;
				CLANG_ANALYZER_NUMBER_OBJECT_CONVERSION = YES_AGGRESSIVE;
				CLANG_CXX_LANGUAGE_STANDARD = "gnu++20";
				CLANG_ENABLE_MODULES = YES;
				CLANG_ENABLE_OBJC_ARC = YES;
				CLANG_ENABLE_OBJC_WEAK = YES;
				CLANG_WARN_BLOCK_CAPTURE_AUTORELEASING = YES;
				CLANG_WARN_BOOL_CONVERSION = YES;
				CLANG_WARN_COMMA = YES;
				CLANG_WARN_CONSTANT_CONVERSION = YES;
				CLANG_WARN_DEPRECATED_OBJC_IMPLEMENTATIONS = YES;
				CLANG_WARN_DIRECT_OBJC_ISA_USAGE = YES_ERROR;
				CLANG_WARN_DOCUMENTATION_COMMENTS = YES;
				CLANG_WARN_EMPTY_BODY = YES;
				CLANG_WARN_ENUM_CONVERSION = YES;
				CLANG_WARN_INFINITE_RECURSION = YES;
				CLANG_WARN_INT_CONVERSION = YES;
				CLANG_WARN_NON_LITERAL_NULL_CONVERSION = YES;
				CLANG_WARN_OBJC_IMPLICIT_RETAIN_SELF = YES;
				CLANG_WARN_OBJC_LITERAL_CONVERSION = YES;
				CLANG_WARN_OBJC_ROOT_CLASS = YES_ERROR;
				CLANG_WARN_QUOTED_INCLUDE_IN_FRAMEWORK_HEADER = YES;
				CLANG_WARN_RANGE_LOOP_ANALYSIS = YES;
				CLANG_WARN_STRICT_PROTOTYPES = YES;
				CLANG_WARN_SUSPICIOUS_MOVE = YES;
				CLANG_WARN_UNGUARDED_AVAILABILITY = YES_AGGRESSIVE;
				CLANG_WARN_UNREACHABLE_CODE = YES;
				CLANG_WARN__DUPLICATE_METHOD_MATCH = YES;
				COPY_PHASE_STRIP = NO;
				DEBUG_INFORMATION_FORMAT = dwarf;
				ENABLE_STRICT_OBJC_MSGSEND = YES;
				ENABLE_TESTABILITY = YES;
				GCC_C_LANGUAGE_STANDARD = gnu11;
				GCC_DYNAMIC_NO_PIC = NO;
				GCC_NO_COMMON_BLOCKS = YES;
				GCC_OPTIMIZATION_LEVEL = 0;
				GCC_PREPROCESSOR_DEFINITIONS = (
					"DEBUG=1",
					"$(inherited)",
				);
				GCC_WARN_64_TO_32_BIT_CONVERSION = YES;
				GCC_WARN_ABOUT_RETURN_TYPE = YES_ERROR;
				GCC_WARN_UNDECLARED_SELECTOR = YES;
				GCC_WARN_UNINITIALIZED_AUTOS = YES_AGGRESSIVE;
				GCC_WARN_UNUSED_FUNCTION = YES;
				GCC_WARN_UNUSED_VARIABLE = YES;
				IPHONEOS_DEPLOYMENT_TARGET = 16.2;
				MTL_ENABLE_DEBUG_INFO = INCLUDE_SOURCE;
				MTL_FAST_MATH = YES;
				ONLY_ACTIVE_ARCH = YES;
				SDKROOT = iphoneos;
				SWIFT_ACTIVE_COMPILATION_CONDITIONS = DEBUG;
				SWIFT_OPTIMIZATION_LEVEL = "-Onone";
			};
			name = Debug;
		};
		18424BAF29FA1E9C0059A54E /* Release */ = {
			isa = XCBuildConfiguration;
			buildSettings = {
				ALWAYS_SEARCH_USER_PATHS = NO;
				CLANG_ANALYZER_NONNULL = YES;
				CLANG_ANALYZER_NUMBER_OBJECT_CONVERSION = YES_AGGRESSIVE;
				CLANG_CXX_LANGUAGE_STANDARD = "gnu++20";
				CLANG_ENABLE_MODULES = YES;
				CLANG_ENABLE_OBJC_ARC = YES;
				CLANG_ENABLE_OBJC_WEAK = YES;
				CLANG_WARN_BLOCK_CAPTURE_AUTORELEASING = YES;
				CLANG_WARN_BOOL_CONVERSION = YES;
				CLANG_WARN_COMMA = YES;
				CLANG_WARN_CONSTANT_CONVERSION = YES;
				CLANG_WARN_DEPRECATED_OBJC_IMPLEMENTATIONS = YES;
				CLANG_WARN_DIRECT_OBJC_ISA_USAGE = YES_ERROR;
				CLANG_WARN_DOCUMENTATION_COMMENTS = YES;
				CLANG_WARN_EMPTY_BODY = YES;
				CLANG_WARN_ENUM_CONVERSION = YES;
				CLANG_WARN_INFINITE_RECURSION = YES;
				CLANG_WARN_INT_CONVERSION = YES;
				CLANG_WARN_NON_LITERAL_NULL_CONVERSION = YES;
				CLANG_WARN_OBJC_IMPLICIT_RETAIN_SELF = YES;
				CLANG_WARN_OBJC_LITERAL_CONVERSION = YES;
				CLANG_WARN_OBJC_ROOT_CLASS = YES_ERROR;
				CLANG_WARN_QUOTED_INCLUDE_IN_FRAMEWORK_HEADER = YES;
				CLANG_WARN_RANGE_LOOP_ANALYSIS = YES;
				CLANG_WARN_STRICT_PROTOTYPES = YES;
				CLANG_WARN_SUSPICIOUS_MOVE = YES;
				CLANG_WARN_UNGUARDED_AVAILABILITY = YES_AGGRESSIVE;
				CLANG_WARN_UNREACHABLE_CODE = YES;
				CLANG_WARN__DUPLICATE_METHOD_MATCH = YES;
				COPY_PHASE_STRIP = NO;
				DEBUG_INFORMATION_FORMAT = "dwarf-with-dsym";
				ENABLE_NS_ASSERTIONS = NO;
				ENABLE_STRICT_OBJC_MSGSEND = YES;
				GCC_C_LANGUAGE_STANDARD = gnu11;
				GCC_NO_COMMON_BLOCKS = YES;
				GCC_WARN_64_TO_32_BIT_CONVERSION = YES;
				GCC_WARN_ABOUT_RETURN_TYPE = YES_ERROR;
				GCC_WARN_UNDECLARED_SELECTOR = YES;
				GCC_WARN_UNINITIALIZED_AUTOS = YES_AGGRESSIVE;
				GCC_WARN_UNUSED_FUNCTION = YES;
				GCC_WARN_UNUSED_VARIABLE = YES;
				IPHONEOS_DEPLOYMENT_TARGET = 16.2;
				MTL_ENABLE_DEBUG_INFO = NO;
				MTL_FAST_MATH = YES;
				SDKROOT = iphoneos;
				SWIFT_COMPILATION_MODE = wholemodule;
				SWIFT_OPTIMIZATION_LEVEL = "-O";
				VALIDATE_PRODUCT = YES;
			};
			name = Release;
		};
		18424BB129FA1E9C0059A54E /* Debug */ = {
			isa = XCBuildConfiguration;
			baseConfigurationReference = 138E7E24C228505CD8ACFB82 /* Pods-RestiCall.debug.xcconfig */;
			buildSettings = {
				ASSETCATALOG_COMPILER_APPICON_NAME = AppIcon;
				ASSETCATALOG_COMPILER_GLOBAL_ACCENT_COLOR_NAME = AccentColor;
				CODE_SIGN_STYLE = Automatic;
				CURRENT_PROJECT_VERSION = 1;
				DEVELOPMENT_ASSET_PATHS = "\"RestiCall/Preview Content\"";
				DEVELOPMENT_TEAM = 4FT34TR735;
				ENABLE_PREVIEWS = YES;
				GENERATE_INFOPLIST_FILE = YES;
				INFOPLIST_KEY_UIApplicationSceneManifest_Generation = YES;
				INFOPLIST_KEY_UIApplicationSupportsIndirectInputEvents = YES;
				INFOPLIST_KEY_UILaunchScreen_Generation = YES;
				INFOPLIST_KEY_UISupportedInterfaceOrientations_iPad = "UIInterfaceOrientationPortrait UIInterfaceOrientationPortraitUpsideDown UIInterfaceOrientationLandscapeLeft UIInterfaceOrientationLandscapeRight";
				INFOPLIST_KEY_UISupportedInterfaceOrientations_iPhone = "UIInterfaceOrientationPortrait UIInterfaceOrientationLandscapeLeft UIInterfaceOrientationLandscapeRight";
				LD_RUNPATH_SEARCH_PATHS = (
					"$(inherited)",
					"@executable_path/Frameworks",
				);
				MARKETING_VERSION = 1.0;
				PRODUCT_BUNDLE_IDENTIFIER = com.suleman.RestiCall.RestiCall;
				PRODUCT_NAME = "$(TARGET_NAME)";
				SWIFT_EMIT_LOC_STRINGS = YES;
				SWIFT_VERSION = 5.0;
				TARGETED_DEVICE_FAMILY = "1,2";
			};
			name = Debug;
		};
		18424BB229FA1E9C0059A54E /* Release */ = {
			isa = XCBuildConfiguration;
			baseConfigurationReference = 0D8086AEE2E8F15706174214 /* Pods-RestiCall.release.xcconfig */;
			buildSettings = {
				ASSETCATALOG_COMPILER_APPICON_NAME = AppIcon;
				ASSETCATALOG_COMPILER_GLOBAL_ACCENT_COLOR_NAME = AccentColor;
				CODE_SIGN_STYLE = Automatic;
				CURRENT_PROJECT_VERSION = 1;
				DEVELOPMENT_ASSET_PATHS = "\"RestiCall/Preview Content\"";
				DEVELOPMENT_TEAM = 4FT34TR735;
				ENABLE_PREVIEWS = YES;
				GENERATE_INFOPLIST_FILE = YES;
				INFOPLIST_KEY_UIApplicationSceneManifest_Generation = YES;
				INFOPLIST_KEY_UIApplicationSupportsIndirectInputEvents = YES;
				INFOPLIST_KEY_UILaunchScreen_Generation = YES;
				INFOPLIST_KEY_UISupportedInterfaceOrientations_iPad = "UIInterfaceOrientationPortrait UIInterfaceOrientationPortraitUpsideDown UIInterfaceOrientationLandscapeLeft UIInterfaceOrientationLandscapeRight";
				INFOPLIST_KEY_UISupportedInterfaceOrientations_iPhone = "UIInterfaceOrientationPortrait UIInterfaceOrientationLandscapeLeft UIInterfaceOrientationLandscapeRight";
				LD_RUNPATH_SEARCH_PATHS = (
					"$(inherited)",
					"@executable_path/Frameworks",
				);
				MARKETING_VERSION = 1.0;
				PRODUCT_BUNDLE_IDENTIFIER = com.suleman.RestiCall.RestiCall;
				PRODUCT_NAME = "$(TARGET_NAME)";
				SWIFT_EMIT_LOC_STRINGS = YES;
				SWIFT_VERSION = 5.0;
				TARGETED_DEVICE_FAMILY = "1,2";
			};
			name = Release;
		};
/* End XCBuildConfiguration section */

/* Begin XCConfigurationList section */
		18424B9D29FA1E9A0059A54E /* Build configuration list for PBXProject "RestiCall" */ = {
			isa = XCConfigurationList;
			buildConfigurations = (
				18424BAE29FA1E9C0059A54E /* Debug */,
				18424BAF29FA1E9C0059A54E /* Release */,
			);
			defaultConfigurationIsVisible = 0;
			defaultConfigurationName = Release;
		};
		18424BB029FA1E9C0059A54E /* Build configuration list for PBXNativeTarget "RestiCall" */ = {
			isa = XCConfigurationList;
			buildConfigurations = (
				18424BB129FA1E9C0059A54E /* Debug */,
				18424BB229FA1E9C0059A54E /* Release */,
			);
			defaultConfigurationIsVisible = 0;
			defaultConfigurationName = Release;
		};
/* End XCConfigurationList section */
	};
	rootObject = 18424B9A29FA1E9A0059A54E /* Project object */;
}
